// !$*UTF8*$!
{
	archiveVersion = 1;
	classes = {
	};
	objectVersion = 55;
	objects = {

/* Begin PBXBuildFile section */
		739A2720D21CF98007EA33A4 /* Pods_CoinExchange.framework in Frameworks */ = {isa = PBXBuildFile; fileRef = 2E939325707541AA30301091 /* Pods_CoinExchange.framework */; };
		7E6C4D60BC441B01226AFB21 /* Pods_CoinExchangeTests.framework in Frameworks */ = {isa = PBXBuildFile; fileRef = 54E1A5076F2BF68CE2DE4055 /* Pods_CoinExchangeTests.framework */; };
		8405DB2E28C2539700DA2630 /* AppDelegate.swift in Sources */ = {isa = PBXBuildFile; fileRef = 8405DB2D28C2539700DA2630 /* AppDelegate.swift */; };
		8405DB3028C2539700DA2630 /* SceneDelegate.swift in Sources */ = {isa = PBXBuildFile; fileRef = 8405DB2F28C2539700DA2630 /* SceneDelegate.swift */; };
		8405DB3228C2539700DA2630 /* ViewController.swift in Sources */ = {isa = PBXBuildFile; fileRef = 8405DB3128C2539700DA2630 /* ViewController.swift */; };
		8405DB3528C2539700DA2630 /* Main.storyboard in Resources */ = {isa = PBXBuildFile; fileRef = 8405DB3328C2539700DA2630 /* Main.storyboard */; };
		8405DB3728C2539900DA2630 /* Assets.xcassets in Resources */ = {isa = PBXBuildFile; fileRef = 8405DB3628C2539900DA2630 /* Assets.xcassets */; };
		8405DB3A28C2539900DA2630 /* LaunchScreen.storyboard in Resources */ = {isa = PBXBuildFile; fileRef = 8405DB3828C2539900DA2630 /* LaunchScreen.storyboard */; };
		8405DB4528C2539900DA2630 /* CoinExchangeTests.swift in Sources */ = {isa = PBXBuildFile; fileRef = 8405DB4428C2539900DA2630 /* CoinExchangeTests.swift */; };
		8405DB4F28C2539900DA2630 /* CoinExchangeUITests.swift in Sources */ = {isa = PBXBuildFile; fileRef = 8405DB4E28C2539900DA2630 /* CoinExchangeUITests.swift */; };
		8405DB5128C2539900DA2630 /* CoinExchangeUITestsLaunchTests.swift in Sources */ = {isa = PBXBuildFile; fileRef = 8405DB5028C2539900DA2630 /* CoinExchangeUITestsLaunchTests.swift */; };
		8405DB6028C25FFF00DA2630 /* Welcome.storyboard in Resources */ = {isa = PBXBuildFile; fileRef = 8405DB5F28C25FFF00DA2630 /* Welcome.storyboard */; };
		8405DB6228C2600F00DA2630 /* WelcomeViewController.swift in Sources */ = {isa = PBXBuildFile; fileRef = 8405DB6128C2600F00DA2630 /* WelcomeViewController.swift */; };
		8405DB6428C2602A00DA2630 /* WelcomeModule.swift in Sources */ = {isa = PBXBuildFile; fileRef = 8405DB6328C2602A00DA2630 /* WelcomeModule.swift */; };
		8405DB6628C2645700DA2630 /* Colors.xcassets in Resources */ = {isa = PBXBuildFile; fileRef = 8405DB6528C2645700DA2630 /* Colors.xcassets */; };
		8405DB6828C2657F00DA2630 /* NSLayoutConstraint+Extension.swift in Sources */ = {isa = PBXBuildFile; fileRef = 8405DB6728C2657F00DA2630 /* NSLayoutConstraint+Extension.swift */; };
		8462E47128C26E1D002E99D2 /* InApp.storyboard in Resources */ = {isa = PBXBuildFile; fileRef = 8462E47028C26E1D002E99D2 /* InApp.storyboard */; };
		8462E47428C26E5A002E99D2 /* Home.storyboard in Resources */ = {isa = PBXBuildFile; fileRef = 8462E47328C26E5A002E99D2 /* Home.storyboard */; };
		8462E47728C26E95002E99D2 /* Exchange.storyboard in Resources */ = {isa = PBXBuildFile; fileRef = 8462E47628C26E95002E99D2 /* Exchange.storyboard */; };
		8462E47928C26ECF002E99D2 /* InAppViewController.swift in Sources */ = {isa = PBXBuildFile; fileRef = 8462E47828C26ECF002E99D2 /* InAppViewController.swift */; };
		8462E47B28C26EDD002E99D2 /* InAppModule.swift in Sources */ = {isa = PBXBuildFile; fileRef = 8462E47A28C26EDD002E99D2 /* InAppModule.swift */; };
		8462E47D28C27021002E99D2 /* HomeViewController.swift in Sources */ = {isa = PBXBuildFile; fileRef = 8462E47C28C27021002E99D2 /* HomeViewController.swift */; };
		8462E47F28C270A1002E99D2 /* ExchangeViewController.swift in Sources */ = {isa = PBXBuildFile; fileRef = 8462E47E28C270A1002E99D2 /* ExchangeViewController.swift */; };
		8462E48428C277BE002E99D2 /* WelcomePresenting.swift in Sources */ = {isa = PBXBuildFile; fileRef = 8462E48328C277BE002E99D2 /* WelcomePresenting.swift */; };
		8462E48628C27850002E99D2 /* WelcomeViewControlling.swift in Sources */ = {isa = PBXBuildFile; fileRef = 8462E48528C27850002E99D2 /* WelcomeViewControlling.swift */; };
		8462E48828C278A8002E99D2 /* WelcomePresenter.swift in Sources */ = {isa = PBXBuildFile; fileRef = 8462E48728C278A8002E99D2 /* WelcomePresenter.swift */; };
		8462E48A28C278CF002E99D2 /* WelcomeRouting.swift in Sources */ = {isa = PBXBuildFile; fileRef = 8462E48928C278CF002E99D2 /* WelcomeRouting.swift */; };
		8462E48C28C27933002E99D2 /* WelcomeRouter.swift in Sources */ = {isa = PBXBuildFile; fileRef = 8462E48B28C27933002E99D2 /* WelcomeRouter.swift */; };
		8462E49028C281DF002E99D2 /* GetCoinListsServiceProtocol.swift in Sources */ = {isa = PBXBuildFile; fileRef = 8462E48F28C281DF002E99D2 /* GetCoinListsServiceProtocol.swift */; };
		8462E49228C28214002E99D2 /* GetCoinListsService.swift in Sources */ = {isa = PBXBuildFile; fileRef = 8462E49128C28214002E99D2 /* GetCoinListsService.swift */; };
		8462E49728C28341002E99D2 /* CurrencyModel.swift in Sources */ = {isa = PBXBuildFile; fileRef = 8462E49628C28341002E99D2 /* CurrencyModel.swift */; };
		8462E49928C2839A002E99D2 /* TimeModel.swift in Sources */ = {isa = PBXBuildFile; fileRef = 8462E49828C2839A002E99D2 /* TimeModel.swift */; };
		8462E49B28C283FC002E99D2 /* CurrentPriceModel.swift in Sources */ = {isa = PBXBuildFile; fileRef = 8462E49A28C283FC002E99D2 /* CurrentPriceModel.swift */; };
		84AC4E3A28C35269008B33B7 /* ApiRouter.swift in Sources */ = {isa = PBXBuildFile; fileRef = 84AC4E3928C35269008B33B7 /* ApiRouter.swift */; };
		84AC4E3C28C355C0008B33B7 /* NetworkError.swift in Sources */ = {isa = PBXBuildFile; fileRef = 84AC4E3B28C355C0008B33B7 /* NetworkError.swift */; };
		84AC4E3E28C35B49008B33B7 /* NetworkService.swift in Sources */ = {isa = PBXBuildFile; fileRef = 84AC4E3D28C35B49008B33B7 /* NetworkService.swift */; };
		84AC4E4128C3900B008B33B7 /* UIView+Extension.swift in Sources */ = {isa = PBXBuildFile; fileRef = 84AC4E4028C3900B008B33B7 /* UIView+Extension.swift */; };
		84AC4E4528C39264008B33B7 /* CurrencyCell.swift in Sources */ = {isa = PBXBuildFile; fileRef = 84AC4E4328C39264008B33B7 /* CurrencyCell.swift */; };
		84AC4E4628C39264008B33B7 /* CurrencyCell.xib in Resources */ = {isa = PBXBuildFile; fileRef = 84AC4E4428C39264008B33B7 /* CurrencyCell.xib */; };
		84AC4E4828C3B571008B33B7 /* Images.swift in Sources */ = {isa = PBXBuildFile; fileRef = 84AC4E4728C3B571008B33B7 /* Images.swift */; };
		84AC4E4B28C3C859008B33B7 /* HomePresenting.swift in Sources */ = {isa = PBXBuildFile; fileRef = 84AC4E4A28C3C859008B33B7 /* HomePresenting.swift */; };
		84AC4E4D28C3C8BA008B33B7 /* HomeViewControlling.swift in Sources */ = {isa = PBXBuildFile; fileRef = 84AC4E4C28C3C8BA008B33B7 /* HomeViewControlling.swift */; };
		84AC4E5028C3C9AD008B33B7 /* HomeInteracting.swift in Sources */ = {isa = PBXBuildFile; fileRef = 84AC4E4F28C3C9AD008B33B7 /* HomeInteracting.swift */; };
		84AC4E5228C3CA3C008B33B7 /* HomeInteractor.swift in Sources */ = {isa = PBXBuildFile; fileRef = 84AC4E5128C3CA3C008B33B7 /* HomeInteractor.swift */; };
		84AC4E5428C3CAA6008B33B7 /* HomePresenter.swift in Sources */ = {isa = PBXBuildFile; fileRef = 84AC4E5328C3CAA6008B33B7 /* HomePresenter.swift */; };
		84AC4E5728C3CBF6008B33B7 /* HomeRouting.swift in Sources */ = {isa = PBXBuildFile; fileRef = 84AC4E5628C3CBF6008B33B7 /* HomeRouting.swift */; };
		84AC4E5928C3CC2B008B33B7 /* HomeRouter.swift in Sources */ = {isa = PBXBuildFile; fileRef = 84AC4E5828C3CC2B008B33B7 /* HomeRouter.swift */; };
		F2DBA8E06E037A29BA6A1FBA /* Pods_CoinExchange_CoinExchangeUITests.framework in Frameworks */ = {isa = PBXBuildFile; fileRef = 372A2C269F28B1A30D57979C /* Pods_CoinExchange_CoinExchangeUITests.framework */; };
/* End PBXBuildFile section */

/* Begin PBXContainerItemProxy section */
		8405DB4128C2539900DA2630 /* PBXContainerItemProxy */ = {
			isa = PBXContainerItemProxy;
			containerPortal = 8405DB2228C2539700DA2630 /* Project object */;
			proxyType = 1;
			remoteGlobalIDString = 8405DB2928C2539700DA2630;
			remoteInfo = CoinExchange;
		};
		8405DB4B28C2539900DA2630 /* PBXContainerItemProxy */ = {
			isa = PBXContainerItemProxy;
			containerPortal = 8405DB2228C2539700DA2630 /* Project object */;
			proxyType = 1;
			remoteGlobalIDString = 8405DB2928C2539700DA2630;
			remoteInfo = CoinExchange;
		};
/* End PBXContainerItemProxy section */

/* Begin PBXFileReference section */
		097FAAD3544CC9E87880749D /* Pods-CoinExchange.release.xcconfig */ = {isa = PBXFileReference; includeInIndex = 1; lastKnownFileType = text.xcconfig; name = "Pods-CoinExchange.release.xcconfig"; path = "Target Support Files/Pods-CoinExchange/Pods-CoinExchange.release.xcconfig"; sourceTree = "<group>"; };
		1108B6944C248A0E88F8DFF9 /* Pods-CoinExchangeTests.release.xcconfig */ = {isa = PBXFileReference; includeInIndex = 1; lastKnownFileType = text.xcconfig; name = "Pods-CoinExchangeTests.release.xcconfig"; path = "Target Support Files/Pods-CoinExchangeTests/Pods-CoinExchangeTests.release.xcconfig"; sourceTree = "<group>"; };
		2E939325707541AA30301091 /* Pods_CoinExchange.framework */ = {isa = PBXFileReference; explicitFileType = wrapper.framework; includeInIndex = 0; path = Pods_CoinExchange.framework; sourceTree = BUILT_PRODUCTS_DIR; };
		372A2C269F28B1A30D57979C /* Pods_CoinExchange_CoinExchangeUITests.framework */ = {isa = PBXFileReference; explicitFileType = wrapper.framework; includeInIndex = 0; path = Pods_CoinExchange_CoinExchangeUITests.framework; sourceTree = BUILT_PRODUCTS_DIR; };
		54E1A5076F2BF68CE2DE4055 /* Pods_CoinExchangeTests.framework */ = {isa = PBXFileReference; explicitFileType = wrapper.framework; includeInIndex = 0; path = Pods_CoinExchangeTests.framework; sourceTree = BUILT_PRODUCTS_DIR; };
		5B13903F0E18313458C73E72 /* Pods-CoinExchange.debug.xcconfig */ = {isa = PBXFileReference; includeInIndex = 1; lastKnownFileType = text.xcconfig; name = "Pods-CoinExchange.debug.xcconfig"; path = "Target Support Files/Pods-CoinExchange/Pods-CoinExchange.debug.xcconfig"; sourceTree = "<group>"; };
		8405DB2A28C2539700DA2630 /* CoinExchange.app */ = {isa = PBXFileReference; explicitFileType = wrapper.application; includeInIndex = 0; path = CoinExchange.app; sourceTree = BUILT_PRODUCTS_DIR; };
		8405DB2D28C2539700DA2630 /* AppDelegate.swift */ = {isa = PBXFileReference; lastKnownFileType = sourcecode.swift; path = AppDelegate.swift; sourceTree = "<group>"; };
		8405DB2F28C2539700DA2630 /* SceneDelegate.swift */ = {isa = PBXFileReference; lastKnownFileType = sourcecode.swift; path = SceneDelegate.swift; sourceTree = "<group>"; };
		8405DB3128C2539700DA2630 /* ViewController.swift */ = {isa = PBXFileReference; lastKnownFileType = sourcecode.swift; path = ViewController.swift; sourceTree = "<group>"; };
		8405DB3428C2539700DA2630 /* Base */ = {isa = PBXFileReference; lastKnownFileType = file.storyboard; name = Base; path = Base.lproj/Main.storyboard; sourceTree = "<group>"; };
		8405DB3628C2539900DA2630 /* Assets.xcassets */ = {isa = PBXFileReference; lastKnownFileType = folder.assetcatalog; path = Assets.xcassets; sourceTree = "<group>"; };
		8405DB3928C2539900DA2630 /* Base */ = {isa = PBXFileReference; lastKnownFileType = file.storyboard; name = Base; path = Base.lproj/LaunchScreen.storyboard; sourceTree = "<group>"; };
		8405DB3B28C2539900DA2630 /* Info.plist */ = {isa = PBXFileReference; lastKnownFileType = text.plist.xml; path = Info.plist; sourceTree = "<group>"; };
		8405DB4028C2539900DA2630 /* CoinExchangeTests.xctest */ = {isa = PBXFileReference; explicitFileType = wrapper.cfbundle; includeInIndex = 0; path = CoinExchangeTests.xctest; sourceTree = BUILT_PRODUCTS_DIR; };
		8405DB4428C2539900DA2630 /* CoinExchangeTests.swift */ = {isa = PBXFileReference; lastKnownFileType = sourcecode.swift; path = CoinExchangeTests.swift; sourceTree = "<group>"; };
		8405DB4A28C2539900DA2630 /* CoinExchangeUITests.xctest */ = {isa = PBXFileReference; explicitFileType = wrapper.cfbundle; includeInIndex = 0; path = CoinExchangeUITests.xctest; sourceTree = BUILT_PRODUCTS_DIR; };
		8405DB4E28C2539900DA2630 /* CoinExchangeUITests.swift */ = {isa = PBXFileReference; lastKnownFileType = sourcecode.swift; path = CoinExchangeUITests.swift; sourceTree = "<group>"; };
		8405DB5028C2539900DA2630 /* CoinExchangeUITestsLaunchTests.swift */ = {isa = PBXFileReference; lastKnownFileType = sourcecode.swift; path = CoinExchangeUITestsLaunchTests.swift; sourceTree = "<group>"; };
		8405DB5F28C25FFF00DA2630 /* Welcome.storyboard */ = {isa = PBXFileReference; lastKnownFileType = file.storyboard; path = Welcome.storyboard; sourceTree = "<group>"; };
		8405DB6128C2600F00DA2630 /* WelcomeViewController.swift */ = {isa = PBXFileReference; lastKnownFileType = sourcecode.swift; path = WelcomeViewController.swift; sourceTree = "<group>"; };
		8405DB6328C2602A00DA2630 /* WelcomeModule.swift */ = {isa = PBXFileReference; lastKnownFileType = sourcecode.swift; path = WelcomeModule.swift; sourceTree = "<group>"; };
		8405DB6528C2645700DA2630 /* Colors.xcassets */ = {isa = PBXFileReference; lastKnownFileType = folder.assetcatalog; path = Colors.xcassets; sourceTree = "<group>"; };
		8405DB6728C2657F00DA2630 /* NSLayoutConstraint+Extension.swift */ = {isa = PBXFileReference; lastKnownFileType = sourcecode.swift; path = "NSLayoutConstraint+Extension.swift"; sourceTree = "<group>"; };
		8462E47028C26E1D002E99D2 /* InApp.storyboard */ = {isa = PBXFileReference; lastKnownFileType = file.storyboard; path = InApp.storyboard; sourceTree = "<group>"; };
		8462E47328C26E5A002E99D2 /* Home.storyboard */ = {isa = PBXFileReference; lastKnownFileType = file.storyboard; path = Home.storyboard; sourceTree = "<group>"; };
		8462E47628C26E95002E99D2 /* Exchange.storyboard */ = {isa = PBXFileReference; lastKnownFileType = file.storyboard; path = Exchange.storyboard; sourceTree = "<group>"; };
		8462E47828C26ECF002E99D2 /* InAppViewController.swift */ = {isa = PBXFileReference; lastKnownFileType = sourcecode.swift; path = InAppViewController.swift; sourceTree = "<group>"; };
		8462E47A28C26EDD002E99D2 /* InAppModule.swift */ = {isa = PBXFileReference; lastKnownFileType = sourcecode.swift; path = InAppModule.swift; sourceTree = "<group>"; };
		8462E47C28C27021002E99D2 /* HomeViewController.swift */ = {isa = PBXFileReference; lastKnownFileType = sourcecode.swift; path = HomeViewController.swift; sourceTree = "<group>"; };
		8462E47E28C270A1002E99D2 /* ExchangeViewController.swift */ = {isa = PBXFileReference; lastKnownFileType = sourcecode.swift; path = ExchangeViewController.swift; sourceTree = "<group>"; };
		8462E48328C277BE002E99D2 /* WelcomePresenting.swift */ = {isa = PBXFileReference; lastKnownFileType = sourcecode.swift; path = WelcomePresenting.swift; sourceTree = "<group>"; };
		8462E48528C27850002E99D2 /* WelcomeViewControlling.swift */ = {isa = PBXFileReference; lastKnownFileType = sourcecode.swift; path = WelcomeViewControlling.swift; sourceTree = "<group>"; };
		8462E48728C278A8002E99D2 /* WelcomePresenter.swift */ = {isa = PBXFileReference; lastKnownFileType = sourcecode.swift; path = WelcomePresenter.swift; sourceTree = "<group>"; };
		8462E48928C278CF002E99D2 /* WelcomeRouting.swift */ = {isa = PBXFileReference; lastKnownFileType = sourcecode.swift; path = WelcomeRouting.swift; sourceTree = "<group>"; };
		8462E48B28C27933002E99D2 /* WelcomeRouter.swift */ = {isa = PBXFileReference; lastKnownFileType = sourcecode.swift; path = WelcomeRouter.swift; sourceTree = "<group>"; };
		8462E48F28C281DF002E99D2 /* GetCoinListsServiceProtocol.swift */ = {isa = PBXFileReference; lastKnownFileType = sourcecode.swift; path = GetCoinListsServiceProtocol.swift; sourceTree = "<group>"; };
		8462E49128C28214002E99D2 /* GetCoinListsService.swift */ = {isa = PBXFileReference; lastKnownFileType = sourcecode.swift; path = GetCoinListsService.swift; sourceTree = "<group>"; };
		8462E49628C28341002E99D2 /* CurrencyModel.swift */ = {isa = PBXFileReference; lastKnownFileType = sourcecode.swift; path = CurrencyModel.swift; sourceTree = "<group>"; };
		8462E49828C2839A002E99D2 /* TimeModel.swift */ = {isa = PBXFileReference; lastKnownFileType = sourcecode.swift; path = TimeModel.swift; sourceTree = "<group>"; };
		8462E49A28C283FC002E99D2 /* CurrentPriceModel.swift */ = {isa = PBXFileReference; lastKnownFileType = sourcecode.swift; path = CurrentPriceModel.swift; sourceTree = "<group>"; };
		84AC4E3928C35269008B33B7 /* ApiRouter.swift */ = {isa = PBXFileReference; lastKnownFileType = sourcecode.swift; path = ApiRouter.swift; sourceTree = "<group>"; };
		84AC4E3B28C355C0008B33B7 /* NetworkError.swift */ = {isa = PBXFileReference; lastKnownFileType = sourcecode.swift; path = NetworkError.swift; sourceTree = "<group>"; };
		84AC4E3D28C35B49008B33B7 /* NetworkService.swift */ = {isa = PBXFileReference; lastKnownFileType = sourcecode.swift; path = NetworkService.swift; sourceTree = "<group>"; };
		84AC4E4028C3900B008B33B7 /* UIView+Extension.swift */ = {isa = PBXFileReference; lastKnownFileType = sourcecode.swift; path = "UIView+Extension.swift"; sourceTree = "<group>"; };
		84AC4E4328C39264008B33B7 /* CurrencyCell.swift */ = {isa = PBXFileReference; lastKnownFileType = sourcecode.swift; path = CurrencyCell.swift; sourceTree = "<group>"; };
		84AC4E4428C39264008B33B7 /* CurrencyCell.xib */ = {isa = PBXFileReference; lastKnownFileType = file.xib; path = CurrencyCell.xib; sourceTree = "<group>"; };
		84AC4E4728C3B571008B33B7 /* Images.swift */ = {isa = PBXFileReference; lastKnownFileType = sourcecode.swift; path = Images.swift; sourceTree = "<group>"; };
		84AC4E4A28C3C859008B33B7 /* HomePresenting.swift */ = {isa = PBXFileReference; lastKnownFileType = sourcecode.swift; path = HomePresenting.swift; sourceTree = "<group>"; };
		84AC4E4C28C3C8BA008B33B7 /* HomeViewControlling.swift */ = {isa = PBXFileReference; lastKnownFileType = sourcecode.swift; path = HomeViewControlling.swift; sourceTree = "<group>"; };
		84AC4E4F28C3C9AD008B33B7 /* HomeInteracting.swift */ = {isa = PBXFileReference; lastKnownFileType = sourcecode.swift; path = HomeInteracting.swift; sourceTree = "<group>"; };
		84AC4E5128C3CA3C008B33B7 /* HomeInteractor.swift */ = {isa = PBXFileReference; lastKnownFileType = sourcecode.swift; path = HomeInteractor.swift; sourceTree = "<group>"; };
		84AC4E5328C3CAA6008B33B7 /* HomePresenter.swift */ = {isa = PBXFileReference; lastKnownFileType = sourcecode.swift; path = HomePresenter.swift; sourceTree = "<group>"; };
		84AC4E5628C3CBF6008B33B7 /* HomeRouting.swift */ = {isa = PBXFileReference; lastKnownFileType = sourcecode.swift; path = HomeRouting.swift; sourceTree = "<group>"; };
		84AC4E5828C3CC2B008B33B7 /* HomeRouter.swift */ = {isa = PBXFileReference; lastKnownFileType = sourcecode.swift; path = HomeRouter.swift; sourceTree = "<group>"; };
		86985C31138A4C980F39FE1A /* Pods-CoinExchangeTests.debug.xcconfig */ = {isa = PBXFileReference; includeInIndex = 1; lastKnownFileType = text.xcconfig; name = "Pods-CoinExchangeTests.debug.xcconfig"; path = "Target Support Files/Pods-CoinExchangeTests/Pods-CoinExchangeTests.debug.xcconfig"; sourceTree = "<group>"; };
		93680E177FBF2DC33167F964 /* Pods-CoinExchange-CoinExchangeUITests.release.xcconfig */ = {isa = PBXFileReference; includeInIndex = 1; lastKnownFileType = text.xcconfig; name = "Pods-CoinExchange-CoinExchangeUITests.release.xcconfig"; path = "Target Support Files/Pods-CoinExchange-CoinExchangeUITests/Pods-CoinExchange-CoinExchangeUITests.release.xcconfig"; sourceTree = "<group>"; };
		CC14412954A2F90C1508A576 /* Pods-CoinExchange-CoinExchangeUITests.debug.xcconfig */ = {isa = PBXFileReference; includeInIndex = 1; lastKnownFileType = text.xcconfig; name = "Pods-CoinExchange-CoinExchangeUITests.debug.xcconfig"; path = "Target Support Files/Pods-CoinExchange-CoinExchangeUITests/Pods-CoinExchange-CoinExchangeUITests.debug.xcconfig"; sourceTree = "<group>"; };
/* End PBXFileReference section */

/* Begin PBXFrameworksBuildPhase section */
		8405DB2728C2539700DA2630 /* Frameworks */ = {
			isa = PBXFrameworksBuildPhase;
			buildActionMask = 2147483647;
			files = (
				739A2720D21CF98007EA33A4 /* Pods_CoinExchange.framework in Frameworks */,
			);
			runOnlyForDeploymentPostprocessing = 0;
		};
		8405DB3D28C2539900DA2630 /* Frameworks */ = {
			isa = PBXFrameworksBuildPhase;
			buildActionMask = 2147483647;
			files = (
				7E6C4D60BC441B01226AFB21 /* Pods_CoinExchangeTests.framework in Frameworks */,
			);
			runOnlyForDeploymentPostprocessing = 0;
		};
		8405DB4728C2539900DA2630 /* Frameworks */ = {
			isa = PBXFrameworksBuildPhase;
			buildActionMask = 2147483647;
			files = (
				F2DBA8E06E037A29BA6A1FBA /* Pods_CoinExchange_CoinExchangeUITests.framework in Frameworks */,
			);
			runOnlyForDeploymentPostprocessing = 0;
		};
/* End PBXFrameworksBuildPhase section */

/* Begin PBXGroup section */
		349C25276B1117AA27B31CC1 /* Frameworks */ = {
			isa = PBXGroup;
			children = (
				2E939325707541AA30301091 /* Pods_CoinExchange.framework */,
				372A2C269F28B1A30D57979C /* Pods_CoinExchange_CoinExchangeUITests.framework */,
				54E1A5076F2BF68CE2DE4055 /* Pods_CoinExchangeTests.framework */,
			);
			name = Frameworks;
			sourceTree = "<group>";
		};
		461E16C64A520DF9689982A6 /* Pods */ = {
			isa = PBXGroup;
			children = (
				5B13903F0E18313458C73E72 /* Pods-CoinExchange.debug.xcconfig */,
				097FAAD3544CC9E87880749D /* Pods-CoinExchange.release.xcconfig */,
				CC14412954A2F90C1508A576 /* Pods-CoinExchange-CoinExchangeUITests.debug.xcconfig */,
				93680E177FBF2DC33167F964 /* Pods-CoinExchange-CoinExchangeUITests.release.xcconfig */,
				86985C31138A4C980F39FE1A /* Pods-CoinExchangeTests.debug.xcconfig */,
				1108B6944C248A0E88F8DFF9 /* Pods-CoinExchangeTests.release.xcconfig */,
			);
			path = Pods;
			sourceTree = "<group>";
		};
		8405DB2128C2539700DA2630 = {
			isa = PBXGroup;
			children = (
				8405DB2C28C2539700DA2630 /* CoinExchange */,
				8405DB4328C2539900DA2630 /* CoinExchangeTests */,
				8405DB4D28C2539900DA2630 /* CoinExchangeUITests */,
				8405DB2B28C2539700DA2630 /* Products */,
				461E16C64A520DF9689982A6 /* Pods */,
				349C25276B1117AA27B31CC1 /* Frameworks */,
			);
			sourceTree = "<group>";
		};
		8405DB2B28C2539700DA2630 /* Products */ = {
			isa = PBXGroup;
			children = (
				8405DB2A28C2539700DA2630 /* CoinExchange.app */,
				8405DB4028C2539900DA2630 /* CoinExchangeTests.xctest */,
				8405DB4A28C2539900DA2630 /* CoinExchangeUITests.xctest */,
			);
			name = Products;
			sourceTree = "<group>";
		};
		8405DB2C28C2539700DA2630 /* CoinExchange */ = {
			isa = PBXGroup;
			children = (
				84AC4E3F28C38FFA008B33B7 /* Extensions */,
				84AC4E3628C35249008B33B7 /* NetworkLayer */,
				8462E49528C2832C002E99D2 /* Models */,
				8462E48D28C281B8002E99D2 /* Services */,
				8462E46E28C26E0F002E99D2 /* InApp */,
				8405DB7028C26CED00DA2630 /* Exchange */,
				8405DB6F28C26C5100DA2630 /* Home */,
				8405DB5D28C25FEF00DA2630 /* Welcome */,
				8405DB2D28C2539700DA2630 /* AppDelegate.swift */,
				8405DB2F28C2539700DA2630 /* SceneDelegate.swift */,
				8405DB3128C2539700DA2630 /* ViewController.swift */,
				8405DB3328C2539700DA2630 /* Main.storyboard */,
				8405DB3628C2539900DA2630 /* Assets.xcassets */,
				8405DB3828C2539900DA2630 /* LaunchScreen.storyboard */,
				8405DB3B28C2539900DA2630 /* Info.plist */,
				8405DB6528C2645700DA2630 /* Colors.xcassets */,
				84AC4E4728C3B571008B33B7 /* Images.swift */,
			);
			path = CoinExchange;
			sourceTree = "<group>";
		};
		8405DB4328C2539900DA2630 /* CoinExchangeTests */ = {
			isa = PBXGroup;
			children = (
				8405DB4428C2539900DA2630 /* CoinExchangeTests.swift */,
			);
			path = CoinExchangeTests;
			sourceTree = "<group>";
		};
		8405DB4D28C2539900DA2630 /* CoinExchangeUITests */ = {
			isa = PBXGroup;
			children = (
				8405DB4E28C2539900DA2630 /* CoinExchangeUITests.swift */,
				8405DB5028C2539900DA2630 /* CoinExchangeUITestsLaunchTests.swift */,
			);
			path = CoinExchangeUITests;
			sourceTree = "<group>";
		};
		8405DB5D28C25FEF00DA2630 /* Welcome */ = {
			isa = PBXGroup;
			children = (
				8462E48228C277A9002E99D2 /* router */,
				8462E48028C2779C002E99D2 /* presenter */,
				8405DB5E28C25FF300DA2630 /* view */,
				8405DB6328C2602A00DA2630 /* WelcomeModule.swift */,
			);
			path = Welcome;
			sourceTree = "<group>";
		};
		8405DB5E28C25FF300DA2630 /* view */ = {
			isa = PBXGroup;
			children = (
				8405DB5F28C25FFF00DA2630 /* Welcome.storyboard */,
				8405DB6128C2600F00DA2630 /* WelcomeViewController.swift */,
				8462E48528C27850002E99D2 /* WelcomeViewControlling.swift */,
			);
			path = view;
			sourceTree = "<group>";
		};
		8405DB6F28C26C5100DA2630 /* Home */ = {
			isa = PBXGroup;
			children = (
				84AC4E5528C3CBE6008B33B7 /* router */,
				84AC4E4E28C3C9A3008B33B7 /* interactor */,
				84AC4E4928C3C850008B33B7 /* presenter */,
				8462E47228C26E53002E99D2 /* view */,
			);
			path = Home;
			sourceTree = "<group>";
		};
		8405DB7028C26CED00DA2630 /* Exchange */ = {
			isa = PBXGroup;
			children = (
				8462E47528C26E8E002E99D2 /* view */,
			);
			path = Exchange;
			sourceTree = "<group>";
		};
		8462E46E28C26E0F002E99D2 /* InApp */ = {
			isa = PBXGroup;
			children = (
				8462E46F28C26E12002E99D2 /* view */,
				8462E47A28C26EDD002E99D2 /* InAppModule.swift */,
			);
			path = InApp;
			sourceTree = "<group>";
		};
		8462E46F28C26E12002E99D2 /* view */ = {
			isa = PBXGroup;
			children = (
				8462E47028C26E1D002E99D2 /* InApp.storyboard */,
				8462E47828C26ECF002E99D2 /* InAppViewController.swift */,
			);
			path = view;
			sourceTree = "<group>";
		};
		8462E47228C26E53002E99D2 /* view */ = {
			isa = PBXGroup;
			children = (
				84AC4E4228C3922D008B33B7 /* cell */,
				8462E47328C26E5A002E99D2 /* Home.storyboard */,
				8462E47C28C27021002E99D2 /* HomeViewController.swift */,
				84AC4E4C28C3C8BA008B33B7 /* HomeViewControlling.swift */,
			);
			path = view;
			sourceTree = "<group>";
		};
		8462E47528C26E8E002E99D2 /* view */ = {
			isa = PBXGroup;
			children = (
				8462E47628C26E95002E99D2 /* Exchange.storyboard */,
				8462E47E28C270A1002E99D2 /* ExchangeViewController.swift */,
			);
			path = view;
			sourceTree = "<group>";
		};
		8462E48028C2779C002E99D2 /* presenter */ = {
			isa = PBXGroup;
			children = (
				8462E48328C277BE002E99D2 /* WelcomePresenting.swift */,
				8462E48728C278A8002E99D2 /* WelcomePresenter.swift */,
			);
			path = presenter;
			sourceTree = "<group>";
		};
		8462E48228C277A9002E99D2 /* router */ = {
			isa = PBXGroup;
			children = (
				8462E48928C278CF002E99D2 /* WelcomeRouting.swift */,
				8462E48B28C27933002E99D2 /* WelcomeRouter.swift */,
			);
			path = router;
			sourceTree = "<group>";
		};
		8462E48D28C281B8002E99D2 /* Services */ = {
			isa = PBXGroup;
			children = (
				8462E48E28C281C0002E99D2 /* GetCoinListsService */,
			);
			path = Services;
			sourceTree = "<group>";
		};
		8462E48E28C281C0002E99D2 /* GetCoinListsService */ = {
			isa = PBXGroup;
			children = (
				8462E48F28C281DF002E99D2 /* GetCoinListsServiceProtocol.swift */,
				8462E49128C28214002E99D2 /* GetCoinListsService.swift */,
			);
			path = GetCoinListsService;
			sourceTree = "<group>";
		};
		8462E49528C2832C002E99D2 /* Models */ = {
			isa = PBXGroup;
			children = (
				8462E49628C28341002E99D2 /* CurrencyModel.swift */,
				8462E49828C2839A002E99D2 /* TimeModel.swift */,
				8462E49A28C283FC002E99D2 /* CurrentPriceModel.swift */,
			);
			path = Models;
			sourceTree = "<group>";
		};
		84AC4E3628C35249008B33B7 /* NetworkLayer */ = {
			isa = PBXGroup;
			children = (
				84AC4E3928C35269008B33B7 /* ApiRouter.swift */,
				84AC4E3B28C355C0008B33B7 /* NetworkError.swift */,
				84AC4E3D28C35B49008B33B7 /* NetworkService.swift */,
			);
			path = NetworkLayer;
			sourceTree = "<group>";
		};
		84AC4E3F28C38FFA008B33B7 /* Extensions */ = {
			isa = PBXGroup;
			children = (
				8405DB6728C2657F00DA2630 /* NSLayoutConstraint+Extension.swift */,
				84AC4E4028C3900B008B33B7 /* UIView+Extension.swift */,
			);
			path = Extensions;
			sourceTree = "<group>";
		};
		84AC4E4228C3922D008B33B7 /* cell */ = {
			isa = PBXGroup;
			children = (
				84AC4E4328C39264008B33B7 /* CurrencyCell.swift */,
				84AC4E4428C39264008B33B7 /* CurrencyCell.xib */,
			);
			path = cell;
			sourceTree = "<group>";
		};
		84AC4E4928C3C850008B33B7 /* presenter */ = {
			isa = PBXGroup;
			children = (
				84AC4E4A28C3C859008B33B7 /* HomePresenting.swift */,
				84AC4E5328C3CAA6008B33B7 /* HomePresenter.swift */,
			);
			path = presenter;
			sourceTree = "<group>";
		};
		84AC4E4E28C3C9A3008B33B7 /* interactor */ = {
			isa = PBXGroup;
			children = (
				84AC4E4F28C3C9AD008B33B7 /* HomeInteracting.swift */,
				84AC4E5128C3CA3C008B33B7 /* HomeInteractor.swift */,
			);
			path = interactor;
			sourceTree = "<group>";
		};
		84AC4E5528C3CBE6008B33B7 /* router */ = {
			isa = PBXGroup;
			children = (
				84AC4E5628C3CBF6008B33B7 /* HomeRouting.swift */,
				84AC4E5828C3CC2B008B33B7 /* HomeRouter.swift */,
			);
			path = router;
			sourceTree = "<group>";
		};
/* End PBXGroup section */

/* Begin PBXNativeTarget section */
		8405DB2928C2539700DA2630 /* CoinExchange */ = {
			isa = PBXNativeTarget;
			buildConfigurationList = 8405DB5428C2539900DA2630 /* Build configuration list for PBXNativeTarget "CoinExchange" */;
			buildPhases = (
				ED02CEB58B27D0F4B35AF916 /* [CP] Check Pods Manifest.lock */,
				8405DB2628C2539700DA2630 /* Sources */,
				8405DB2728C2539700DA2630 /* Frameworks */,
				8405DB2828C2539700DA2630 /* Resources */,
				EE3B3A93A8F381256C1122EA /* [CP] Embed Pods Frameworks */,
			);
			buildRules = (
			);
			dependencies = (
			);
			name = CoinExchange;
			productName = CoinExchange;
			productReference = 8405DB2A28C2539700DA2630 /* CoinExchange.app */;
			productType = "com.apple.product-type.application";
		};
		8405DB3F28C2539900DA2630 /* CoinExchangeTests */ = {
			isa = PBXNativeTarget;
			buildConfigurationList = 8405DB5728C2539900DA2630 /* Build configuration list for PBXNativeTarget "CoinExchangeTests" */;
			buildPhases = (
				C67B9C5E90FDF1929A6190EC /* [CP] Check Pods Manifest.lock */,
				8405DB3C28C2539900DA2630 /* Sources */,
				8405DB3D28C2539900DA2630 /* Frameworks */,
				8405DB3E28C2539900DA2630 /* Resources */,
			);
			buildRules = (
			);
			dependencies = (
				8405DB4228C2539900DA2630 /* PBXTargetDependency */,
			);
			name = CoinExchangeTests;
			productName = CoinExchangeTests;
			productReference = 8405DB4028C2539900DA2630 /* CoinExchangeTests.xctest */;
			productType = "com.apple.product-type.bundle.unit-test";
		};
		8405DB4928C2539900DA2630 /* CoinExchangeUITests */ = {
			isa = PBXNativeTarget;
			buildConfigurationList = 8405DB5A28C2539900DA2630 /* Build configuration list for PBXNativeTarget "CoinExchangeUITests" */;
			buildPhases = (
				A38FF1675D1ABE64B9AAF9EA /* [CP] Check Pods Manifest.lock */,
				8405DB4628C2539900DA2630 /* Sources */,
				8405DB4728C2539900DA2630 /* Frameworks */,
				8405DB4828C2539900DA2630 /* Resources */,
				ADC0A0A3AD525E4A802437B5 /* [CP] Embed Pods Frameworks */,
			);
			buildRules = (
			);
			dependencies = (
				8405DB4C28C2539900DA2630 /* PBXTargetDependency */,
			);
			name = CoinExchangeUITests;
			productName = CoinExchangeUITests;
			productReference = 8405DB4A28C2539900DA2630 /* CoinExchangeUITests.xctest */;
			productType = "com.apple.product-type.bundle.ui-testing";
		};
/* End PBXNativeTarget section */

/* Begin PBXProject section */
		8405DB2228C2539700DA2630 /* Project object */ = {
			isa = PBXProject;
			attributes = {
				BuildIndependentTargetsInParallel = 1;
				LastSwiftUpdateCheck = 1340;
				LastUpgradeCheck = 1340;
				TargetAttributes = {
					8405DB2928C2539700DA2630 = {
						CreatedOnToolsVersion = 13.4.1;
					};
					8405DB3F28C2539900DA2630 = {
						CreatedOnToolsVersion = 13.4.1;
						TestTargetID = 8405DB2928C2539700DA2630;
					};
					8405DB4928C2539900DA2630 = {
						CreatedOnToolsVersion = 13.4.1;
						TestTargetID = 8405DB2928C2539700DA2630;
					};
				};
			};
			buildConfigurationList = 8405DB2528C2539700DA2630 /* Build configuration list for PBXProject "CoinExchange" */;
			compatibilityVersion = "Xcode 13.0";
			developmentRegion = en;
			hasScannedForEncodings = 0;
			knownRegions = (
				en,
				Base,
			);
			mainGroup = 8405DB2128C2539700DA2630;
			productRefGroup = 8405DB2B28C2539700DA2630 /* Products */;
			projectDirPath = "";
			projectRoot = "";
			targets = (
				8405DB2928C2539700DA2630 /* CoinExchange */,
				8405DB3F28C2539900DA2630 /* CoinExchangeTests */,
				8405DB4928C2539900DA2630 /* CoinExchangeUITests */,
			);
		};
/* End PBXProject section */

/* Begin PBXResourcesBuildPhase section */
		8405DB2828C2539700DA2630 /* Resources */ = {
			isa = PBXResourcesBuildPhase;
			buildActionMask = 2147483647;
			files = (
				8462E47428C26E5A002E99D2 /* Home.storyboard in Resources */,
				8405DB6628C2645700DA2630 /* Colors.xcassets in Resources */,
				8405DB3A28C2539900DA2630 /* LaunchScreen.storyboard in Resources */,
				8405DB6028C25FFF00DA2630 /* Welcome.storyboard in Resources */,
				84AC4E4628C39264008B33B7 /* CurrencyCell.xib in Resources */,
				8405DB3728C2539900DA2630 /* Assets.xcassets in Resources */,
				8462E47728C26E95002E99D2 /* Exchange.storyboard in Resources */,
				8405DB3528C2539700DA2630 /* Main.storyboard in Resources */,
				8462E47128C26E1D002E99D2 /* InApp.storyboard in Resources */,
			);
			runOnlyForDeploymentPostprocessing = 0;
		};
		8405DB3E28C2539900DA2630 /* Resources */ = {
			isa = PBXResourcesBuildPhase;
			buildActionMask = 2147483647;
			files = (
			);
			runOnlyForDeploymentPostprocessing = 0;
		};
		8405DB4828C2539900DA2630 /* Resources */ = {
			isa = PBXResourcesBuildPhase;
			buildActionMask = 2147483647;
			files = (
			);
			runOnlyForDeploymentPostprocessing = 0;
		};
/* End PBXResourcesBuildPhase section */

/* Begin PBXShellScriptBuildPhase section */
		A38FF1675D1ABE64B9AAF9EA /* [CP] Check Pods Manifest.lock */ = {
			isa = PBXShellScriptBuildPhase;
			buildActionMask = 2147483647;
			files = (
			);
			inputFileListPaths = (
			);
			inputPaths = (
				"${PODS_PODFILE_DIR_PATH}/Podfile.lock",
				"${PODS_ROOT}/Manifest.lock",
			);
			name = "[CP] Check Pods Manifest.lock";
			outputFileListPaths = (
			);
			outputPaths = (
				"$(DERIVED_FILE_DIR)/Pods-CoinExchange-CoinExchangeUITests-checkManifestLockResult.txt",
			);
			runOnlyForDeploymentPostprocessing = 0;
			shellPath = /bin/sh;
			shellScript = "diff \"${PODS_PODFILE_DIR_PATH}/Podfile.lock\" \"${PODS_ROOT}/Manifest.lock\" > /dev/null\nif [ $? != 0 ] ; then\n    # print error to STDERR\n    echo \"error: The sandbox is not in sync with the Podfile.lock. Run 'pod install' or update your CocoaPods installation.\" >&2\n    exit 1\nfi\n# This output is used by Xcode 'outputs' to avoid re-running this script phase.\necho \"SUCCESS\" > \"${SCRIPT_OUTPUT_FILE_0}\"\n";
			showEnvVarsInLog = 0;
		};
		ADC0A0A3AD525E4A802437B5 /* [CP] Embed Pods Frameworks */ = {
			isa = PBXShellScriptBuildPhase;
			buildActionMask = 2147483647;
			files = (
			);
			inputFileListPaths = (
				"${PODS_ROOT}/Target Support Files/Pods-CoinExchange-CoinExchangeUITests/Pods-CoinExchange-CoinExchangeUITests-frameworks-${CONFIGURATION}-input-files.xcfilelist",
			);
			name = "[CP] Embed Pods Frameworks";
			outputFileListPaths = (
				"${PODS_ROOT}/Target Support Files/Pods-CoinExchange-CoinExchangeUITests/Pods-CoinExchange-CoinExchangeUITests-frameworks-${CONFIGURATION}-output-files.xcfilelist",
			);
			runOnlyForDeploymentPostprocessing = 0;
			shellPath = /bin/sh;
			shellScript = "\"${PODS_ROOT}/Target Support Files/Pods-CoinExchange-CoinExchangeUITests/Pods-CoinExchange-CoinExchangeUITests-frameworks.sh\"\n";
			showEnvVarsInLog = 0;
		};
		C67B9C5E90FDF1929A6190EC /* [CP] Check Pods Manifest.lock */ = {
			isa = PBXShellScriptBuildPhase;
			buildActionMask = 2147483647;
			files = (
			);
			inputFileListPaths = (
			);
			inputPaths = (
				"${PODS_PODFILE_DIR_PATH}/Podfile.lock",
				"${PODS_ROOT}/Manifest.lock",
			);
			name = "[CP] Check Pods Manifest.lock";
			outputFileListPaths = (
			);
			outputPaths = (
				"$(DERIVED_FILE_DIR)/Pods-CoinExchangeTests-checkManifestLockResult.txt",
			);
			runOnlyForDeploymentPostprocessing = 0;
			shellPath = /bin/sh;
			shellScript = "diff \"${PODS_PODFILE_DIR_PATH}/Podfile.lock\" \"${PODS_ROOT}/Manifest.lock\" > /dev/null\nif [ $? != 0 ] ; then\n    # print error to STDERR\n    echo \"error: The sandbox is not in sync with the Podfile.lock. Run 'pod install' or update your CocoaPods installation.\" >&2\n    exit 1\nfi\n# This output is used by Xcode 'outputs' to avoid re-running this script phase.\necho \"SUCCESS\" > \"${SCRIPT_OUTPUT_FILE_0}\"\n";
			showEnvVarsInLog = 0;
		};
		ED02CEB58B27D0F4B35AF916 /* [CP] Check Pods Manifest.lock */ = {
			isa = PBXShellScriptBuildPhase;
			buildActionMask = 2147483647;
			files = (
			);
			inputFileListPaths = (
			);
			inputPaths = (
				"${PODS_PODFILE_DIR_PATH}/Podfile.lock",
				"${PODS_ROOT}/Manifest.lock",
			);
			name = "[CP] Check Pods Manifest.lock";
			outputFileListPaths = (
			);
			outputPaths = (
				"$(DERIVED_FILE_DIR)/Pods-CoinExchange-checkManifestLockResult.txt",
			);
			runOnlyForDeploymentPostprocessing = 0;
			shellPath = /bin/sh;
			shellScript = "diff \"${PODS_PODFILE_DIR_PATH}/Podfile.lock\" \"${PODS_ROOT}/Manifest.lock\" > /dev/null\nif [ $? != 0 ] ; then\n    # print error to STDERR\n    echo \"error: The sandbox is not in sync with the Podfile.lock. Run 'pod install' or update your CocoaPods installation.\" >&2\n    exit 1\nfi\n# This output is used by Xcode 'outputs' to avoid re-running this script phase.\necho \"SUCCESS\" > \"${SCRIPT_OUTPUT_FILE_0}\"\n";
			showEnvVarsInLog = 0;
		};
		EE3B3A93A8F381256C1122EA /* [CP] Embed Pods Frameworks */ = {
			isa = PBXShellScriptBuildPhase;
			buildActionMask = 2147483647;
			files = (
			);
			inputFileListPaths = (
				"${PODS_ROOT}/Target Support Files/Pods-CoinExchange/Pods-CoinExchange-frameworks-${CONFIGURATION}-input-files.xcfilelist",
			);
			name = "[CP] Embed Pods Frameworks";
			outputFileListPaths = (
				"${PODS_ROOT}/Target Support Files/Pods-CoinExchange/Pods-CoinExchange-frameworks-${CONFIGURATION}-output-files.xcfilelist",
			);
			runOnlyForDeploymentPostprocessing = 0;
			shellPath = /bin/sh;
			shellScript = "\"${PODS_ROOT}/Target Support Files/Pods-CoinExchange/Pods-CoinExchange-frameworks.sh\"\n";
			showEnvVarsInLog = 0;
		};
/* End PBXShellScriptBuildPhase section */

/* Begin PBXSourcesBuildPhase section */
		8405DB2628C2539700DA2630 /* Sources */ = {
			isa = PBXSourcesBuildPhase;
			buildActionMask = 2147483647;
			files = (
				8405DB3228C2539700DA2630 /* ViewController.swift in Sources */,
				8462E48A28C278CF002E99D2 /* WelcomeRouting.swift in Sources */,
				84AC4E3E28C35B49008B33B7 /* NetworkService.swift in Sources */,
				84AC4E5428C3CAA6008B33B7 /* HomePresenter.swift in Sources */,
				84AC4E5228C3CA3C008B33B7 /* HomeInteractor.swift in Sources */,
				84AC4E4B28C3C859008B33B7 /* HomePresenting.swift in Sources */,
				8462E48628C27850002E99D2 /* WelcomeViewControlling.swift in Sources */,
				8462E48C28C27933002E99D2 /* WelcomeRouter.swift in Sources */,
				84AC4E4528C39264008B33B7 /* CurrencyCell.swift in Sources */,
				8462E47F28C270A1002E99D2 /* ExchangeViewController.swift in Sources */,
				84AC4E5928C3CC2B008B33B7 /* HomeRouter.swift in Sources */,
				8462E49028C281DF002E99D2 /* GetCoinListsServiceProtocol.swift in Sources */,
				8462E49928C2839A002E99D2 /* TimeModel.swift in Sources */,
				8405DB6228C2600F00DA2630 /* WelcomeViewController.swift in Sources */,
				8462E47B28C26EDD002E99D2 /* InAppModule.swift in Sources */,
				84AC4E3C28C355C0008B33B7 /* NetworkError.swift in Sources */,
				8462E49B28C283FC002E99D2 /* CurrentPriceModel.swift in Sources */,
				8405DB6428C2602A00DA2630 /* WelcomeModule.swift in Sources */,
				8405DB6828C2657F00DA2630 /* NSLayoutConstraint+Extension.swift in Sources */,
				8462E48828C278A8002E99D2 /* WelcomePresenter.swift in Sources */,
				84AC4E3A28C35269008B33B7 /* ApiRouter.swift in Sources */,
				84AC4E4828C3B571008B33B7 /* Images.swift in Sources */,
				8462E47D28C27021002E99D2 /* HomeViewController.swift in Sources */,
				8405DB2E28C2539700DA2630 /* AppDelegate.swift in Sources */,
				84AC4E4128C3900B008B33B7 /* UIView+Extension.swift in Sources */,
				8462E47928C26ECF002E99D2 /* InAppViewController.swift in Sources */,
				84AC4E4D28C3C8BA008B33B7 /* HomeViewControlling.swift in Sources */,
				8462E49728C28341002E99D2 /* CurrencyModel.swift in Sources */,
				84AC4E5028C3C9AD008B33B7 /* HomeInteracting.swift in Sources */,
				8462E48428C277BE002E99D2 /* WelcomePresenting.swift in Sources */,
				84AC4E5728C3CBF6008B33B7 /* HomeRouting.swift in Sources */,
				8405DB3028C2539700DA2630 /* SceneDelegate.swift in Sources */,
				8462E49228C28214002E99D2 /* GetCoinListsService.swift in Sources */,
			);
			runOnlyForDeploymentPostprocessing = 0;
		};
		8405DB3C28C2539900DA2630 /* Sources */ = {
			isa = PBXSourcesBuildPhase;
			buildActionMask = 2147483647;
			files = (
				8405DB4528C2539900DA2630 /* CoinExchangeTests.swift in Sources */,
			);
			runOnlyForDeploymentPostprocessing = 0;
		};
		8405DB4628C2539900DA2630 /* Sources */ = {
			isa = PBXSourcesBuildPhase;
			buildActionMask = 2147483647;
			files = (
				8405DB5128C2539900DA2630 /* CoinExchangeUITestsLaunchTests.swift in Sources */,
				8405DB4F28C2539900DA2630 /* CoinExchangeUITests.swift in Sources */,
			);
			runOnlyForDeploymentPostprocessing = 0;
		};
/* End PBXSourcesBuildPhase section */

/* Begin PBXTargetDependency section */
		8405DB4228C2539900DA2630 /* PBXTargetDependency */ = {
			isa = PBXTargetDependency;
			target = 8405DB2928C2539700DA2630 /* CoinExchange */;
			targetProxy = 8405DB4128C2539900DA2630 /* PBXContainerItemProxy */;
		};
		8405DB4C28C2539900DA2630 /* PBXTargetDependency */ = {
			isa = PBXTargetDependency;
			target = 8405DB2928C2539700DA2630 /* CoinExchange */;
			targetProxy = 8405DB4B28C2539900DA2630 /* PBXContainerItemProxy */;
		};
/* End PBXTargetDependency section */

/* Begin PBXVariantGroup section */
		8405DB3328C2539700DA2630 /* Main.storyboard */ = {
			isa = PBXVariantGroup;
			children = (
				8405DB3428C2539700DA2630 /* Base */,
			);
			name = Main.storyboard;
			sourceTree = "<group>";
		};
		8405DB3828C2539900DA2630 /* LaunchScreen.storyboard */ = {
			isa = PBXVariantGroup;
			children = (
				8405DB3928C2539900DA2630 /* Base */,
			);
			name = LaunchScreen.storyboard;
			sourceTree = "<group>";
		};
/* End PBXVariantGroup section */

/* Begin XCBuildConfiguration section */
		8405DB5228C2539900DA2630 /* Debug */ = {
			isa = XCBuildConfiguration;
			buildSettings = {
				ALWAYS_SEARCH_USER_PATHS = NO;
				CLANG_ANALYZER_NONNULL = YES;
				CLANG_ANALYZER_NUMBER_OBJECT_CONVERSION = YES_AGGRESSIVE;
				CLANG_CXX_LANGUAGE_STANDARD = "gnu++17";
				CLANG_ENABLE_MODULES = YES;
				CLANG_ENABLE_OBJC_ARC = YES;
				CLANG_ENABLE_OBJC_WEAK = YES;
				CLANG_WARN_BLOCK_CAPTURE_AUTORELEASING = YES;
				CLANG_WARN_BOOL_CONVERSION = YES;
				CLANG_WARN_COMMA = YES;
				CLANG_WARN_CONSTANT_CONVERSION = YES;
				CLANG_WARN_DEPRECATED_OBJC_IMPLEMENTATIONS = YES;
				CLANG_WARN_DIRECT_OBJC_ISA_USAGE = YES_ERROR;
				CLANG_WARN_DOCUMENTATION_COMMENTS = YES;
				CLANG_WARN_EMPTY_BODY = YES;
				CLANG_WARN_ENUM_CONVERSION = YES;
				CLANG_WARN_INFINITE_RECURSION = YES;
				CLANG_WARN_INT_CONVERSION = YES;
				CLANG_WARN_NON_LITERAL_NULL_CONVERSION = YES;
				CLANG_WARN_OBJC_IMPLICIT_RETAIN_SELF = YES;
				CLANG_WARN_OBJC_LITERAL_CONVERSION = YES;
				CLANG_WARN_OBJC_ROOT_CLASS = YES_ERROR;
				CLANG_WARN_QUOTED_INCLUDE_IN_FRAMEWORK_HEADER = YES;
				CLANG_WARN_RANGE_LOOP_ANALYSIS = YES;
				CLANG_WARN_STRICT_PROTOTYPES = YES;
				CLANG_WARN_SUSPICIOUS_MOVE = YES;
				CLANG_WARN_UNGUARDED_AVAILABILITY = YES_AGGRESSIVE;
				CLANG_WARN_UNREACHABLE_CODE = YES;
				CLANG_WARN__DUPLICATE_METHOD_MATCH = YES;
				COPY_PHASE_STRIP = NO;
				DEBUG_INFORMATION_FORMAT = dwarf;
				ENABLE_STRICT_OBJC_MSGSEND = YES;
				ENABLE_TESTABILITY = YES;
				GCC_C_LANGUAGE_STANDARD = gnu11;
				GCC_DYNAMIC_NO_PIC = NO;
				GCC_NO_COMMON_BLOCKS = YES;
				GCC_OPTIMIZATION_LEVEL = 0;
				GCC_PREPROCESSOR_DEFINITIONS = (
					"DEBUG=1",
					"$(inherited)",
				);
				GCC_WARN_64_TO_32_BIT_CONVERSION = YES;
				GCC_WARN_ABOUT_RETURN_TYPE = YES_ERROR;
				GCC_WARN_UNDECLARED_SELECTOR = YES;
				GCC_WARN_UNINITIALIZED_AUTOS = YES_AGGRESSIVE;
				GCC_WARN_UNUSED_FUNCTION = YES;
				GCC_WARN_UNUSED_VARIABLE = YES;
				IPHONEOS_DEPLOYMENT_TARGET = 15.5;
				MTL_ENABLE_DEBUG_INFO = INCLUDE_SOURCE;
				MTL_FAST_MATH = YES;
				ONLY_ACTIVE_ARCH = YES;
				SDKROOT = iphoneos;
				SWIFT_ACTIVE_COMPILATION_CONDITIONS = DEBUG;
				SWIFT_OPTIMIZATION_LEVEL = "-Onone";
			};
			name = Debug;
		};
		8405DB5328C2539900DA2630 /* Release */ = {
			isa = XCBuildConfiguration;
			buildSettings = {
				ALWAYS_SEARCH_USER_PATHS = NO;
				CLANG_ANALYZER_NONNULL = YES;
				CLANG_ANALYZER_NUMBER_OBJECT_CONVERSION = YES_AGGRESSIVE;
				CLANG_CXX_LANGUAGE_STANDARD = "gnu++17";
				CLANG_ENABLE_MODULES = YES;
				CLANG_ENABLE_OBJC_ARC = YES;
				CLANG_ENABLE_OBJC_WEAK = YES;
				CLANG_WARN_BLOCK_CAPTURE_AUTORELEASING = YES;
				CLANG_WARN_BOOL_CONVERSION = YES;
				CLANG_WARN_COMMA = YES;
				CLANG_WARN_CONSTANT_CONVERSION = YES;
				CLANG_WARN_DEPRECATED_OBJC_IMPLEMENTATIONS = YES;
				CLANG_WARN_DIRECT_OBJC_ISA_USAGE = YES_ERROR;
				CLANG_WARN_DOCUMENTATION_COMMENTS = YES;
				CLANG_WARN_EMPTY_BODY = YES;
				CLANG_WARN_ENUM_CONVERSION = YES;
				CLANG_WARN_INFINITE_RECURSION = YES;
				CLANG_WARN_INT_CONVERSION = YES;
				CLANG_WARN_NON_LITERAL_NULL_CONVERSION = YES;
				CLANG_WARN_OBJC_IMPLICIT_RETAIN_SELF = YES;
				CLANG_WARN_OBJC_LITERAL_CONVERSION = YES;
				CLANG_WARN_OBJC_ROOT_CLASS = YES_ERROR;
				CLANG_WARN_QUOTED_INCLUDE_IN_FRAMEWORK_HEADER = YES;
				CLANG_WARN_RANGE_LOOP_ANALYSIS = YES;
				CLANG_WARN_STRICT_PROTOTYPES = YES;
				CLANG_WARN_SUSPICIOUS_MOVE = YES;
				CLANG_WARN_UNGUARDED_AVAILABILITY = YES_AGGRESSIVE;
				CLANG_WARN_UNREACHABLE_CODE = YES;
				CLANG_WARN__DUPLICATE_METHOD_MATCH = YES;
				COPY_PHASE_STRIP = NO;
				DEBUG_INFORMATION_FORMAT = "dwarf-with-dsym";
				ENABLE_NS_ASSERTIONS = NO;
				ENABLE_STRICT_OBJC_MSGSEND = YES;
				GCC_C_LANGUAGE_STANDARD = gnu11;
				GCC_NO_COMMON_BLOCKS = YES;
				GCC_WARN_64_TO_32_BIT_CONVERSION = YES;
				GCC_WARN_ABOUT_RETURN_TYPE = YES_ERROR;
				GCC_WARN_UNDECLARED_SELECTOR = YES;
				GCC_WARN_UNINITIALIZED_AUTOS = YES_AGGRESSIVE;
				GCC_WARN_UNUSED_FUNCTION = YES;
				GCC_WARN_UNUSED_VARIABLE = YES;
				IPHONEOS_DEPLOYMENT_TARGET = 15.5;
				MTL_ENABLE_DEBUG_INFO = NO;
				MTL_FAST_MATH = YES;
				SDKROOT = iphoneos;
				SWIFT_COMPILATION_MODE = wholemodule;
				SWIFT_OPTIMIZATION_LEVEL = "-O";
				VALIDATE_PRODUCT = YES;
			};
			name = Release;
		};
		8405DB5528C2539900DA2630 /* Debug */ = {
			isa = XCBuildConfiguration;
			baseConfigurationReference = 5B13903F0E18313458C73E72 /* Pods-CoinExchange.debug.xcconfig */;
			buildSettings = {
				ASSETCATALOG_COMPILER_APPICON_NAME = AppIcon;
				ASSETCATALOG_COMPILER_GLOBAL_ACCENT_COLOR_NAME = AccentColor;
				CODE_SIGN_STYLE = Automatic;
				CURRENT_PROJECT_VERSION = 1;
				DEVELOPMENT_TEAM = L9267Q2T5K;
				GENERATE_INFOPLIST_FILE = YES;
				INFOPLIST_FILE = CoinExchange/Info.plist;
				INFOPLIST_KEY_UIApplicationSupportsIndirectInputEvents = YES;
				INFOPLIST_KEY_UILaunchStoryboardName = LaunchScreen;
				INFOPLIST_KEY_UIMainStoryboardFile = Main;
				INFOPLIST_KEY_UISupportedInterfaceOrientations_iPad = "UIInterfaceOrientationPortrait UIInterfaceOrientationPortraitUpsideDown UIInterfaceOrientationLandscapeLeft UIInterfaceOrientationLandscapeRight";
				INFOPLIST_KEY_UISupportedInterfaceOrientations_iPhone = "UIInterfaceOrientationPortrait UIInterfaceOrientationLandscapeLeft UIInterfaceOrientationLandscapeRight";
				LD_RUNPATH_SEARCH_PATHS = (
					"$(inherited)",
					"@executable_path/Frameworks",
				);
				MARKETING_VERSION = 1.0;
				PRODUCT_BUNDLE_IDENTIFIER = com.zmp.CoinExchange;
				PRODUCT_NAME = "$(TARGET_NAME)";
				SWIFT_EMIT_LOC_STRINGS = YES;
				SWIFT_VERSION = 5.0;
				TARGETED_DEVICE_FAMILY = "1,2";
			};
			name = Debug;
		};
		8405DB5628C2539900DA2630 /* Release */ = {
			isa = XCBuildConfiguration;
			baseConfigurationReference = 097FAAD3544CC9E87880749D /* Pods-CoinExchange.release.xcconfig */;
			buildSettings = {
				ASSETCATALOG_COMPILER_APPICON_NAME = AppIcon;
				ASSETCATALOG_COMPILER_GLOBAL_ACCENT_COLOR_NAME = AccentColor;
				CODE_SIGN_STYLE = Automatic;
				CURRENT_PROJECT_VERSION = 1;
				DEVELOPMENT_TEAM = L9267Q2T5K;
				GENERATE_INFOPLIST_FILE = YES;
				INFOPLIST_FILE = CoinExchange/Info.plist;
				INFOPLIST_KEY_UIApplicationSupportsIndirectInputEvents = YES;
				INFOPLIST_KEY_UILaunchStoryboardName = LaunchScreen;
				INFOPLIST_KEY_UIMainStoryboardFile = Main;
				INFOPLIST_KEY_UISupportedInterfaceOrientations_iPad = "UIInterfaceOrientationPortrait UIInterfaceOrientationPortraitUpsideDown UIInterfaceOrientationLandscapeLeft UIInterfaceOrientationLandscapeRight";
				INFOPLIST_KEY_UISupportedInterfaceOrientations_iPhone = "UIInterfaceOrientationPortrait UIInterfaceOrientationLandscapeLeft UIInterfaceOrientationLandscapeRight";
				LD_RUNPATH_SEARCH_PATHS = (
					"$(inherited)",
					"@executable_path/Frameworks",
				);
				MARKETING_VERSION = 1.0;
				PRODUCT_BUNDLE_IDENTIFIER = com.zmp.CoinExchange;
				PRODUCT_NAME = "$(TARGET_NAME)";
				SWIFT_EMIT_LOC_STRINGS = YES;
				SWIFT_VERSION = 5.0;
				TARGETED_DEVICE_FAMILY = "1,2";
			};
			name = Release;
		};
		8405DB5828C2539900DA2630 /* Debug */ = {
			isa = XCBuildConfiguration;
			baseConfigurationReference = 86985C31138A4C980F39FE1A /* Pods-CoinExchangeTests.debug.xcconfig */;
			buildSettings = {
				ALWAYS_EMBED_SWIFT_STANDARD_LIBRARIES = YES;
				BUNDLE_LOADER = "$(TEST_HOST)";
				CODE_SIGN_STYLE = Automatic;
				CURRENT_PROJECT_VERSION = 1;
				DEVELOPMENT_TEAM = L9267Q2T5K;
				GENERATE_INFOPLIST_FILE = YES;
				IPHONEOS_DEPLOYMENT_TARGET = 15.5;
				MARKETING_VERSION = 1.0;
				PRODUCT_BUNDLE_IDENTIFIER = com.zmp.CoinExchangeTests;
				PRODUCT_NAME = "$(TARGET_NAME)";
				SWIFT_EMIT_LOC_STRINGS = NO;
				SWIFT_VERSION = 5.0;
				TARGETED_DEVICE_FAMILY = "1,2";
				TEST_HOST = "$(BUILT_PRODUCTS_DIR)/CoinExchange.app/CoinExchange";
			};
			name = Debug;
		};
		8405DB5928C2539900DA2630 /* Release */ = {
			isa = XCBuildConfiguration;
			baseConfigurationReference = 1108B6944C248A0E88F8DFF9 /* Pods-CoinExchangeTests.release.xcconfig */;
			buildSettings = {
				ALWAYS_EMBED_SWIFT_STANDARD_LIBRARIES = YES;
				BUNDLE_LOADER = "$(TEST_HOST)";
				CODE_SIGN_STYLE = Automatic;
				CURRENT_PROJECT_VERSION = 1;
				DEVELOPMENT_TEAM = L9267Q2T5K;
				GENERATE_INFOPLIST_FILE = YES;
				IPHONEOS_DEPLOYMENT_TARGET = 15.5;
				MARKETING_VERSION = 1.0;
				PRODUCT_BUNDLE_IDENTIFIER = com.zmp.CoinExchangeTests;
				PRODUCT_NAME = "$(TARGET_NAME)";
				SWIFT_EMIT_LOC_STRINGS = NO;
				SWIFT_VERSION = 5.0;
				TARGETED_DEVICE_FAMILY = "1,2";
				TEST_HOST = "$(BUILT_PRODUCTS_DIR)/CoinExchange.app/CoinExchange";
			};
			name = Release;
		};
		8405DB5B28C2539900DA2630 /* Debug */ = {
			isa = XCBuildConfiguration;
			baseConfigurationReference = CC14412954A2F90C1508A576 /* Pods-CoinExchange-CoinExchangeUITests.debug.xcconfig */;
			buildSettings = {
				ALWAYS_EMBED_SWIFT_STANDARD_LIBRARIES = YES;
				CODE_SIGN_STYLE = Automatic;
				CURRENT_PROJECT_VERSION = 1;
				DEVELOPMENT_TEAM = L9267Q2T5K;
				GENERATE_INFOPLIST_FILE = YES;
				MARKETING_VERSION = 1.0;
				PRODUCT_BUNDLE_IDENTIFIER = com.zmp.CoinExchangeUITests;
				PRODUCT_NAME = "$(TARGET_NAME)";
				SWIFT_EMIT_LOC_STRINGS = NO;
				SWIFT_VERSION = 5.0;
				TARGETED_DEVICE_FAMILY = "1,2";
				TEST_TARGET_NAME = CoinExchange;
			};
			name = Debug;
		};
		8405DB5C28C2539900DA2630 /* Release */ = {
			isa = XCBuildConfiguration;
			baseConfigurationReference = 93680E177FBF2DC33167F964 /* Pods-CoinExchange-CoinExchangeUITests.release.xcconfig */;
			buildSettings = {
				ALWAYS_EMBED_SWIFT_STANDARD_LIBRARIES = YES;
				CODE_SIGN_STYLE = Automatic;
				CURRENT_PROJECT_VERSION = 1;
				DEVELOPMENT_TEAM = L9267Q2T5K;
				GENERATE_INFOPLIST_FILE = YES;
				MARKETING_VERSION = 1.0;
				PRODUCT_BUNDLE_IDENTIFIER = com.zmp.CoinExchangeUITests;
				PRODUCT_NAME = "$(TARGET_NAME)";
				SWIFT_EMIT_LOC_STRINGS = NO;
				SWIFT_VERSION = 5.0;
				TARGETED_DEVICE_FAMILY = "1,2";
				TEST_TARGET_NAME = CoinExchange;
			};
			name = Release;
		};
/* End XCBuildConfiguration section */

/* Begin XCConfigurationList section */
		8405DB2528C2539700DA2630 /* Build configuration list for PBXProject "CoinExchange" */ = {
			isa = XCConfigurationList;
			buildConfigurations = (
				8405DB5228C2539900DA2630 /* Debug */,
				8405DB5328C2539900DA2630 /* Release */,
			);
			defaultConfigurationIsVisible = 0;
			defaultConfigurationName = Release;
		};
		8405DB5428C2539900DA2630 /* Build configuration list for PBXNativeTarget "CoinExchange" */ = {
			isa = XCConfigurationList;
			buildConfigurations = (
				8405DB5528C2539900DA2630 /* Debug */,
				8405DB5628C2539900DA2630 /* Release */,
			);
			defaultConfigurationIsVisible = 0;
			defaultConfigurationName = Release;
		};
		8405DB5728C2539900DA2630 /* Build configuration list for PBXNativeTarget "CoinExchangeTests" */ = {
			isa = XCConfigurationList;
			buildConfigurations = (
				8405DB5828C2539900DA2630 /* Debug */,
				8405DB5928C2539900DA2630 /* Release */,
			);
			defaultConfigurationIsVisible = 0;
			defaultConfigurationName = Release;
		};
		8405DB5A28C2539900DA2630 /* Build configuration list for PBXNativeTarget "CoinExchangeUITests" */ = {
			isa = XCConfigurationList;
			buildConfigurations = (
				8405DB5B28C2539900DA2630 /* Debug */,
				8405DB5C28C2539900DA2630 /* Release */,
			);
			defaultConfigurationIsVisible = 0;
			defaultConfigurationName = Release;
		};
/* End XCConfigurationList section */
	};
	rootObject = 8405DB2228C2539700DA2630 /* Project object */;
}
